// !$*UTF8*$!
{
	archiveVersion = 1;
	classes = {
	};
	objectVersion = 56;
	objects = {

/* Begin PBXBuildFile section */
		84A2FA842AD784080087DAAC /* AppDelegate.swift in Sources */ = {isa = PBXBuildFile; fileRef = 84A2FA832AD784080087DAAC /* AppDelegate.swift */; };
		84A2FA862AD784080087DAAC /* SceneDelegate.swift in Sources */ = {isa = PBXBuildFile; fileRef = 84A2FA852AD784080087DAAC /* SceneDelegate.swift */; };
		84A2FA8B2AD784080087DAAC /* Main.storyboard in Resources */ = {isa = PBXBuildFile; fileRef = 84A2FA892AD784080087DAAC /* Main.storyboard */; };
		84A2FA8D2AD784090087DAAC /* Assets.xcassets in Resources */ = {isa = PBXBuildFile; fileRef = 84A2FA8C2AD784090087DAAC /* Assets.xcassets */; };
		84A2FA902AD784090087DAAC /* LaunchScreen.storyboard in Resources */ = {isa = PBXBuildFile; fileRef = 84A2FA8E2AD784090087DAAC /* LaunchScreen.storyboard */; };
		84A2FAC52AD7C4880087DAAC /* MainViewController.swift in Sources */ = {isa = PBXBuildFile; fileRef = 84A2FAC42AD7C4880087DAAC /* MainViewController.swift */; };
		84A2FAC82AD7C5DF0087DAAC /* Home.storyboard in Resources */ = {isa = PBXBuildFile; fileRef = 84A2FAC62AD7C5DF0087DAAC /* Home.storyboard */; };
		84A2FAD12AD7C7D80087DAAC /* Mine.storyboard in Resources */ = {isa = PBXBuildFile; fileRef = 84A2FACF2AD7C7D80087DAAC /* Mine.storyboard */; };
		84A2FAD42AD7CABD0087DAAC /* Flow.storyboard in Resources */ = {isa = PBXBuildFile; fileRef = 84A2FAD22AD7CABD0087DAAC /* Flow.storyboard */; };
		84A2FAD72AD7CAD70087DAAC /* Profile.storyboard in Resources */ = {isa = PBXBuildFile; fileRef = 84A2FAD52AD7CAD70087DAAC /* Profile.storyboard */; };
/* End PBXBuildFile section */

/* Begin PBXFileReference section */
		84A2FA802AD784080087DAAC /* DouYuZhiBo.app */ = {isa = PBXFileReference; explicitFileType = wrapper.application; includeInIndex = 0; path = DouYuZhiBo.app; sourceTree = BUILT_PRODUCTS_DIR; };
		84A2FA832AD784080087DAAC /* AppDelegate.swift */ = {isa = PBXFileReference; lastKnownFileType = sourcecode.swift; path = AppDelegate.swift; sourceTree = "<group>"; };
		84A2FA852AD784080087DAAC /* SceneDelegate.swift */ = {isa = PBXFileReference; lastKnownFileType = sourcecode.swift; path = SceneDelegate.swift; sourceTree = "<group>"; };
		84A2FA8A2AD784080087DAAC /* Base */ = {isa = PBXFileReference; lastKnownFileType = file.storyboard; name = Base; path = Base.lproj/Main.storyboard; sourceTree = "<group>"; };
		84A2FA8C2AD784090087DAAC /* Assets.xcassets */ = {isa = PBXFileReference; lastKnownFileType = folder.assetcatalog; path = Assets.xcassets; sourceTree = "<group>"; };
		84A2FA8F2AD784090087DAAC /* Base */ = {isa = PBXFileReference; lastKnownFileType = file.storyboard; name = Base; path = Base.lproj/LaunchScreen.storyboard; sourceTree = "<group>"; };
		84A2FA912AD784090087DAAC /* Info.plist */ = {isa = PBXFileReference; lastKnownFileType = text.plist.xml; path = Info.plist; sourceTree = "<group>"; };
		84A2FAC42AD7C4880087DAAC /* MainViewController.swift */ = {isa = PBXFileReference; lastKnownFileType = sourcecode.swift; path = MainViewController.swift; sourceTree = "<group>"; };
		84A2FAC72AD7C5DF0087DAAC /* Base */ = {isa = PBXFileReference; lastKnownFileType = file.storyboard; name = Base; path = DouYuZhiBo/Base.lproj/Home.storyboard; sourceTree = "<group>"; };
		84A2FAD02AD7C7D80087DAAC /* Base */ = {isa = PBXFileReference; lastKnownFileType = file.storyboard; name = Base; path = DouYuZhiBo/Base.lproj/Mine.storyboard; sourceTree = "<group>"; };
		84A2FAD32AD7CABD0087DAAC /* Base */ = {isa = PBXFileReference; lastKnownFileType = file.storyboard; name = Base; path = DouYuZhiBo/Base.lproj/Flow.storyboard; sourceTree = "<group>"; };
		84A2FAD62AD7CAD70087DAAC /* Base */ = {isa = PBXFileReference; lastKnownFileType = file.storyboard; name = Base; path = DouYuZhiBo/Base.lproj/Profile.storyboard; sourceTree = "<group>"; };
/* End PBXFileReference section */

/* Begin PBXFrameworksBuildPhase section */
		84A2FA7D2AD784080087DAAC /* Frameworks */ = {
			isa = PBXFrameworksBuildPhase;
			buildActionMask = 2147483647;
			files = (
			);
			runOnlyForDeploymentPostprocessing = 0;
		};
/* End PBXFrameworksBuildPhase section */

/* Begin PBXGroup section */
		84A2FA772AD784080087DAAC = {
			isa = PBXGroup;
			children = (
				84A2FA822AD784080087DAAC /* DouYuZhiBo */,
				84A2FA812AD784080087DAAC /* Products */,
			);
			sourceTree = "<group>";
		};
		84A2FA812AD784080087DAAC /* Products */ = {
			isa = PBXGroup;
			children = (
				84A2FA802AD784080087DAAC /* DouYuZhiBo.app */,
			);
			name = Products;
			sourceTree = "<group>";
		};
		84A2FA822AD784080087DAAC /* DouYuZhiBo */ = {
			isa = PBXGroup;
			children = (
				84A2FA972AD79B320087DAAC /* Classs */,
				84A2FA832AD784080087DAAC /* AppDelegate.swift */,
				84A2FA852AD784080087DAAC /* SceneDelegate.swift */,
				84A2FA892AD784080087DAAC /* Main.storyboard */,
				84A2FA8C2AD784090087DAAC /* Assets.xcassets */,
				84A2FA8E2AD784090087DAAC /* LaunchScreen.storyboard */,
				84A2FA912AD784090087DAAC /* Info.plist */,
			);
			path = DouYuZhiBo;
			sourceTree = "<group>";
		};
		84A2FA972AD79B320087DAAC /* Classs */ = {
			isa = PBXGroup;
			children = (
				84A2FA982AD79B320087DAAC /* Home */,
				84A2FA9E2AD79B320087DAAC /* Flow */,
				84A2FAA42AD79B320087DAAC /* Tools */,
				84A2FAA62AD79B320087DAAC /* Room */,
				84A2FAAC2AD79B320087DAAC /* Profile */,
				84A2FAB22AD79B320087DAAC /* Live */,
				84A2FAB82AD79B320087DAAC /* Mine */,
				84A2FABE2AD79B320087DAAC /* Main */,
			);
			path = Classs;
			sourceTree = "<group>";
		};
		84A2FA982AD79B320087DAAC /* Home */ = {
			isa = PBXGroup;
			children = (
				84A2FA992AD79B320087DAAC /* ViewModel */,
				84A2FA9A2AD79B320087DAAC /* Model */,
				84A2FA9B2AD79B320087DAAC /* View */,
				84A2FA9D2AD79B320087DAAC /* ViewController */,
			);
			path = Home;
			sourceTree = "<group>";
		};
		84A2FA992AD79B320087DAAC /* ViewModel */ = {
			isa = PBXGroup;
			children = (
			);
			path = ViewModel;
			sourceTree = "<group>";
		};
		84A2FA9A2AD79B320087DAAC /* Model */ = {
			isa = PBXGroup;
			children = (
			);
			path = Model;
			sourceTree = "<group>";
		};
		84A2FA9B2AD79B320087DAAC /* View */ = {
			isa = PBXGroup;
			children = (
				84A2FA9C2AD79B320087DAAC /* ViewController */,
			);
			path = View;
			sourceTree = "<group>";
		};
		84A2FA9C2AD79B320087DAAC /* ViewController */ = {
			isa = PBXGroup;
			children = (
			);
			path = ViewController;
			sourceTree = "<group>";
		};
		84A2FA9D2AD79B320087DAAC /* ViewController */ = {
			isa = PBXGroup;
			children = (
				84A2FAC62AD7C5DF0087DAAC /* Home.storyboard */,
			);
			path = ViewController;
			sourceTree = "<group>";
		};
		84A2FA9E2AD79B320087DAAC /* Flow */ = {
			isa = PBXGroup;
			children = (
				84A2FA9F2AD79B320087DAAC /* ViewModel */,
				84A2FAA02AD79B320087DAAC /* Model */,
				84A2FAA12AD79B320087DAAC /* View */,
				84A2FAA32AD79B320087DAAC /* ViewController */,
			);
			path = Flow;
			sourceTree = "<group>";
		};
		84A2FA9F2AD79B320087DAAC /* ViewModel */ = {
			isa = PBXGroup;
			children = (
			);
			path = ViewModel;
			sourceTree = "<group>";
		};
		84A2FAA02AD79B320087DAAC /* Model */ = {
			isa = PBXGroup;
			children = (
			);
			path = Model;
			sourceTree = "<group>";
		};
		84A2FAA12AD79B320087DAAC /* View */ = {
			isa = PBXGroup;
			children = (
				84A2FAA22AD79B320087DAAC /* ViewController */,
			);
			path = View;
			sourceTree = "<group>";
		};
		84A2FAA22AD79B320087DAAC /* ViewController */ = {
			isa = PBXGroup;
			children = (
			);
			path = ViewController;
			sourceTree = "<group>";
		};
		84A2FAA32AD79B320087DAAC /* ViewController */ = {
			isa = PBXGroup;
			children = (
				84A2FAD22AD7CABD0087DAAC /* Flow.storyboard */,
			);
			path = ViewController;
			sourceTree = "<group>";
		};
		84A2FAA42AD79B320087DAAC /* Tools */ = {
			isa = PBXGroup;
			children = (
				84A2FAA52AD79B320087DAAC /* Extension */,
			);
			path = Tools;
			sourceTree = "<group>";
		};
		84A2FAA52AD79B320087DAAC /* Extension */ = {
			isa = PBXGroup;
			children = (
			);
			path = Extension;
			sourceTree = "<group>";
		};
		84A2FAA62AD79B320087DAAC /* Room */ = {
			isa = PBXGroup;
			children = (
				84A2FAA72AD79B320087DAAC /* ViewModel */,
				84A2FAA82AD79B320087DAAC /* Model */,
				84A2FAA92AD79B320087DAAC /* View */,
				84A2FAAB2AD79B320087DAAC /* ViewController */,
			);
			path = Room;
			sourceTree = "<group>";
		};
		84A2FAA72AD79B320087DAAC /* ViewModel */ = {
			isa = PBXGroup;
			children = (
			);
			path = ViewModel;
			sourceTree = "<group>";
		};
		84A2FAA82AD79B320087DAAC /* Model */ = {
			isa = PBXGroup;
			children = (
			);
			path = Model;
			sourceTree = "<group>";
		};
		84A2FAA92AD79B320087DAAC /* View */ = {
			isa = PBXGroup;
			children = (
				84A2FAAA2AD79B320087DAAC /* ViewController */,
			);
			path = View;
			sourceTree = "<group>";
		};
		84A2FAAA2AD79B320087DAAC /* ViewController */ = {
			isa = PBXGroup;
			children = (
			);
			path = ViewController;
			sourceTree = "<group>";
		};
		84A2FAAB2AD79B320087DAAC /* ViewController */ = {
			isa = PBXGroup;
			children = (
			);
			path = ViewController;
			sourceTree = "<group>";
		};
		84A2FAAC2AD79B320087DAAC /* Profile */ = {
			isa = PBXGroup;
			children = (
				84A2FAAD2AD79B320087DAAC /* ViewModel */,
				84A2FAAE2AD79B320087DAAC /* Model */,
				84A2FAAF2AD79B320087DAAC /* View */,
				84A2FAB12AD79B320087DAAC /* ViewController */,
			);
			path = Profile;
			sourceTree = "<group>";
		};
		84A2FAAD2AD79B320087DAAC /* ViewModel */ = {
			isa = PBXGroup;
			children = (
			);
			path = ViewModel;
			sourceTree = "<group>";
		};
		84A2FAAE2AD79B320087DAAC /* Model */ = {
			isa = PBXGroup;
			children = (
			);
			path = Model;
			sourceTree = "<group>";
		};
		84A2FAAF2AD79B320087DAAC /* View */ = {
			isa = PBXGroup;
			children = (
				84A2FAB02AD79B320087DAAC /* ViewController */,
			);
			path = View;
			sourceTree = "<group>";
		};
		84A2FAB02AD79B320087DAAC /* ViewController */ = {
			isa = PBXGroup;
			children = (
			);
			path = ViewController;
			sourceTree = "<group>";
		};
		84A2FAB12AD79B320087DAAC /* ViewController */ = {
			isa = PBXGroup;
			children = (
				84A2FAD52AD7CAD70087DAAC /* Profile.storyboard */,
			);
			path = ViewController;
			sourceTree = "<group>";
		};
		84A2FAB22AD79B320087DAAC /* Live */ = {
			isa = PBXGroup;
			children = (
				84A2FAB32AD79B320087DAAC /* ViewModel */,
				84A2FAB42AD79B320087DAAC /* Model */,
				84A2FAB52AD79B320087DAAC /* View */,
				84A2FAB72AD79B320087DAAC /* ViewController */,
			);
			path = Live;
			sourceTree = "<group>";
		};
		84A2FAB32AD79B320087DAAC /* ViewModel */ = {
			isa = PBXGroup;
			children = (
			);
			path = ViewModel;
			sourceTree = "<group>";
		};
		84A2FAB42AD79B320087DAAC /* Model */ = {
			isa = PBXGroup;
			children = (
			);
			path = Model;
			sourceTree = "<group>";
		};
		84A2FAB52AD79B320087DAAC /* View */ = {
			isa = PBXGroup;
			children = (
				84A2FAB62AD79B320087DAAC /* ViewController */,
			);
			path = View;
			sourceTree = "<group>";
		};
		84A2FAB62AD79B320087DAAC /* ViewController */ = {
			isa = PBXGroup;
			children = (
			);
			path = ViewController;
			sourceTree = "<group>";
		};
		84A2FAB72AD79B320087DAAC /* ViewController */ = {
			isa = PBXGroup;
			children = (
			);
			path = ViewController;
			sourceTree = "<group>";
		};
		84A2FAB82AD79B320087DAAC /* Mine */ = {
			isa = PBXGroup;
			children = (
				84A2FAB92AD79B320087DAAC /* ViewModel */,
				84A2FABA2AD79B320087DAAC /* Model */,
				84A2FABB2AD79B320087DAAC /* View */,
				84A2FABD2AD79B320087DAAC /* ViewController */,
			);
			path = Mine;
			sourceTree = "<group>";
		};
		84A2FAB92AD79B320087DAAC /* ViewModel */ = {
			isa = PBXGroup;
			children = (
			);
			path = ViewModel;
			sourceTree = "<group>";
		};
		84A2FABA2AD79B320087DAAC /* Model */ = {
			isa = PBXGroup;
			children = (
			);
			path = Model;
			sourceTree = "<group>";
		};
		84A2FABB2AD79B320087DAAC /* View */ = {
			isa = PBXGroup;
			children = (
				84A2FABC2AD79B320087DAAC /* ViewController */,
			);
			path = View;
			sourceTree = "<group>";
		};
		84A2FABC2AD79B320087DAAC /* ViewController */ = {
			isa = PBXGroup;
			children = (
			);
			path = ViewController;
			sourceTree = "<group>";
		};
		84A2FABD2AD79B320087DAAC /* ViewController */ = {
			isa = PBXGroup;
			children = (
				84A2FACF2AD7C7D80087DAAC /* Mine.storyboard */,
			);
			path = ViewController;
			sourceTree = "<group>";
		};
		84A2FABE2AD79B320087DAAC /* Main */ = {
			isa = PBXGroup;
			children = (
				84A2FABF2AD79B320087DAAC /* ViewModel */,
				84A2FAC02AD79B320087DAAC /* Model */,
				84A2FAC12AD79B320087DAAC /* View */,
				84A2FAC32AD79B320087DAAC /* ViewController */,
			);
			path = Main;
			sourceTree = "<group>";
		};
		84A2FABF2AD79B320087DAAC /* ViewModel */ = {
			isa = PBXGroup;
			children = (
			);
			path = ViewModel;
			sourceTree = "<group>";
		};
		84A2FAC02AD79B320087DAAC /* Model */ = {
			isa = PBXGroup;
			children = (
			);
			path = Model;
			sourceTree = "<group>";
		};
		84A2FAC12AD79B320087DAAC /* View */ = {
			isa = PBXGroup;
			children = (
				84A2FAC22AD79B320087DAAC /* ViewController */,
			);
			path = View;
			sourceTree = "<group>";
		};
		84A2FAC22AD79B320087DAAC /* ViewController */ = {
			isa = PBXGroup;
			children = (
			);
			path = ViewController;
			sourceTree = "<group>";
		};
		84A2FAC32AD79B320087DAAC /* ViewController */ = {
			isa = PBXGroup;
			children = (
				84A2FAC42AD7C4880087DAAC /* MainViewController.swift */,
			);
			path = ViewController;
			sourceTree = "<group>";
		};
/* End PBXGroup section */

/* Begin PBXNativeTarget section */
		84A2FA7F2AD784080087DAAC /* DouYuZhiBo */ = {
			isa = PBXNativeTarget;
			buildConfigurationList = 84A2FA942AD784090087DAAC /* Build configuration list for PBXNativeTarget "DouYuZhiBo" */;
			buildPhases = (
				84A2FA7C2AD784080087DAAC /* Sources */,
				84A2FA7D2AD784080087DAAC /* Frameworks */,
				84A2FA7E2AD784080087DAAC /* Resources */,
			);
			buildRules = (
			);
			dependencies = (
			);
			name = DouYuZhiBo;
			productName = DouYuZhiBo;
			productReference = 84A2FA802AD784080087DAAC /* DouYuZhiBo.app */;
			productType = "com.apple.product-type.application";
		};
/* End PBXNativeTarget section */

/* Begin PBXProject section */
		84A2FA782AD784080087DAAC /* Project object */ = {
			isa = PBXProject;
			attributes = {
				BuildIndependentTargetsInParallel = 1;
				LastSwiftUpdateCheck = 1430;
				LastUpgradeCheck = 1430;
				TargetAttributes = {
					84A2FA7F2AD784080087DAAC = {
						CreatedOnToolsVersion = 14.3.1;
					};
				};
			};
			buildConfigurationList = 84A2FA7B2AD784080087DAAC /* Build configuration list for PBXProject "DouYuZhiBo" */;
			compatibilityVersion = "Xcode 14.0";
			developmentRegion = en;
			hasScannedForEncodings = 0;
			knownRegions = (
				en,
				Base,
			);
			mainGroup = 84A2FA772AD784080087DAAC;
			productRefGroup = 84A2FA812AD784080087DAAC /* Products */;
			projectDirPath = "";
			projectRoot = "";
			targets = (
				84A2FA7F2AD784080087DAAC /* DouYuZhiBo */,
			);
		};
/* End PBXProject section */

/* Begin PBXResourcesBuildPhase section */
		84A2FA7E2AD784080087DAAC /* Resources */ = {
			isa = PBXResourcesBuildPhase;
			buildActionMask = 2147483647;
			files = (
				84A2FA902AD784090087DAAC /* LaunchScreen.storyboard in Resources */,
				84A2FA8D2AD784090087DAAC /* Assets.xcassets in Resources */,
				84A2FA8B2AD784080087DAAC /* Main.storyboard in Resources */,
				84A2FAD12AD7C7D80087DAAC /* Mine.storyboard in Resources */,
				84A2FAD42AD7CABD0087DAAC /* Flow.storyboard in Resources */,
				84A2FAD72AD7CAD70087DAAC /* Profile.storyboard in Resources */,
				84A2FAC82AD7C5DF0087DAAC /* Home.storyboard in Resources */,
			);
			runOnlyForDeploymentPostprocessing = 0;
		};
/* End PBXResourcesBuildPhase section */

/* Begin PBXSourcesBuildPhase section */
		84A2FA7C2AD784080087DAAC /* Sources */ = {
			isa = PBXSourcesBuildPhase;
			buildActionMask = 2147483647;
			files = (
				84A2FAC52AD7C4880087DAAC /* MainViewController.swift in Sources */,
				84A2FA842AD784080087DAAC /* AppDelegate.swift in Sources */,
				84A2FA862AD784080087DAAC /* SceneDelegate.swift in Sources */,
			);
			runOnlyForDeploymentPostprocessing = 0;
		};
/* End PBXSourcesBuildPhase section */

/* Begin PBXVariantGroup section */
		84A2FA892AD784080087DAAC /* Main.storyboard */ = {
			isa = PBXVariantGroup;
			children = (
				84A2FA8A2AD784080087DAAC /* Base */,
			);
			name = Main.storyboard;
			sourceTree = "<group>";
		};
		84A2FA8E2AD784090087DAAC /* LaunchScreen.storyboard */ = {
			isa = PBXVariantGroup;
			children = (
				84A2FA8F2AD784090087DAAC /* Base */,
			);
			name = LaunchScreen.storyboard;
			sourceTree = "<group>";
		};
		84A2FAC62AD7C5DF0087DAAC /* Home.storyboard */ = {
			isa = PBXVariantGroup;
			children = (
				84A2FAC72AD7C5DF0087DAAC /* Base */,
			);
			name = Home.storyboard;
			sourceTree = "<group>";
		};
		84A2FACF2AD7C7D80087DAAC /* Mine.storyboard */ = {
			isa = PBXVariantGroup;
			children = (
				84A2FAD02AD7C7D80087DAAC /* Base */,
			);
			name = Mine.storyboard;
			sourceTree = "<group>";
		};
		84A2FAD22AD7CABD0087DAAC /* Flow.storyboard */ = {
			isa = PBXVariantGroup;
			children = (
				84A2FAD32AD7CABD0087DAAC /* Base */,
			);
			name = Flow.storyboard;
			sourceTree = "<group>";
		};
		84A2FAD52AD7CAD70087DAAC /* Profile.storyboard */ = {
			isa = PBXVariantGroup;
			children = (
				84A2FAD62AD7CAD70087DAAC /* Base */,
			);
			name = Profile.storyboard;
			sourceTree = "<group>";
		};
/* End PBXVariantGroup section */

/* Begin XCBuildConfiguration section */
		84A2FA922AD784090087DAAC /* Debug */ = {
			isa = XCBuildConfiguration;
			buildSettings = {
				ALWAYS_SEARCH_USER_PATHS = NO;
				CLANG_ANALYZER_NONNULL = YES;
				CLANG_ANALYZER_NUMBER_OBJECT_CONVERSION = YES_AGGRESSIVE;
				CLANG_CXX_LANGUAGE_STANDARD = "gnu++20";
				CLANG_ENABLE_MODULES = YES;
				CLANG_ENABLE_OBJC_ARC = YES;
				CLANG_ENABLE_OBJC_WEAK = YES;
				CLANG_WARN_BLOCK_CAPTURE_AUTORELEASING = YES;
				CLANG_WARN_BOOL_CONVERSION = YES;
				CLANG_WARN_COMMA = YES;
				CLANG_WARN_CONSTANT_CONVERSION = YES;
				CLANG_WARN_DEPRECATED_OBJC_IMPLEMENTATIONS = YES;
				CLANG_WARN_DIRECT_OBJC_ISA_USAGE = YES_ERROR;
				CLANG_WARN_DOCUMENTATION_COMMENTS = YES;
				CLANG_WARN_EMPTY_BODY = YES;
				CLANG_WARN_ENUM_CONVERSION = YES;
				CLANG_WARN_INFINITE_RECURSION = YES;
				CLANG_WARN_INT_CONVERSION = YES;
				CLANG_WARN_NON_LITERAL_NULL_CONVERSION = YES;
				CLANG_WARN_OBJC_IMPLICIT_RETAIN_SELF = YES;
				CLANG_WARN_OBJC_LITERAL_CONVERSION = YES;
				CLANG_WARN_OBJC_ROOT_CLASS = YES_ERROR;
				CLANG_WARN_QUOTED_INCLUDE_IN_FRAMEWORK_HEADER = YES;
				CLANG_WARN_RANGE_LOOP_ANALYSIS = YES;
				CLANG_WARN_STRICT_PROTOTYPES = YES;
				CLANG_WARN_SUSPICIOUS_MOVE = YES;
				CLANG_WARN_UNGUARDED_AVAILABILITY = YES_AGGRESSIVE;
				CLANG_WARN_UNREACHABLE_CODE = YES;
				CLANG_WARN__DUPLICATE_METHOD_MATCH = YES;
				COPY_PHASE_STRIP = NO;
				DEBUG_INFORMATION_FORMAT = dwarf;
				ENABLE_STRICT_OBJC_MSGSEND = YES;
				ENABLE_TESTABILITY = YES;
				GCC_C_LANGUAGE_STANDARD = gnu11;
				GCC_DYNAMIC_NO_PIC = NO;
				GCC_NO_COMMON_BLOCKS = YES;
				GCC_OPTIMIZATION_LEVEL = 0;
				GCC_PREPROCESSOR_DEFINITIONS = (
					"DEBUG=1",
					"$(inherited)",
				);
				GCC_WARN_64_TO_32_BIT_CONVERSION = YES;
				GCC_WARN_ABOUT_RETURN_TYPE = YES_ERROR;
				GCC_WARN_UNDECLARED_SELECTOR = YES;
				GCC_WARN_UNINITIALIZED_AUTOS = YES_AGGRESSIVE;
				GCC_WARN_UNUSED_FUNCTION = YES;
				GCC_WARN_UNUSED_VARIABLE = YES;
				IPHONEOS_DEPLOYMENT_TARGET = 16.4;
				MTL_ENABLE_DEBUG_INFO = INCLUDE_SOURCE;
				MTL_FAST_MATH = YES;
				ONLY_ACTIVE_ARCH = YES;
				SDKROOT = iphoneos;
				SWIFT_ACTIVE_COMPILATION_CONDITIONS = DEBUG;
				SWIFT_OPTIMIZATION_LEVEL = "-Onone";
			};
			name = Debug;
		};
		84A2FA932AD784090087DAAC /* Release */ = {
			isa = XCBuildConfiguration;
			buildSettings = {
				ALWAYS_SEARCH_USER_PATHS = NO;
				CLANG_ANALYZER_NONNULL = YES;
				CLANG_ANALYZER_NUMBER_OBJECT_CONVERSION = YES_AGGRESSIVE;
				CLANG_CXX_LANGUAGE_STANDARD = "gnu++20";
				CLANG_ENABLE_MODULES = YES;
				CLANG_ENABLE_OBJC_ARC = YES;
				CLANG_ENABLE_OBJC_WEAK = YES;
				CLANG_WARN_BLOCK_CAPTURE_AUTORELEASING = YES;
				CLANG_WARN_BOOL_CONVERSION = YES;
				CLANG_WARN_COMMA = YES;
				CLANG_WARN_CONSTANT_CONVERSION = YES;
				CLANG_WARN_DEPRECATED_OBJC_IMPLEMENTATIONS = YES;
				CLANG_WARN_DIRECT_OBJC_ISA_USAGE = YES_ERROR;
				CLANG_WARN_DOCUMENTATION_COMMENTS = YES;
				CLANG_WARN_EMPTY_BODY = YES;
				CLANG_WARN_ENUM_CONVERSION = YES;
				CLANG_WARN_INFINITE_RECURSION = YES;
				CLANG_WARN_INT_CONVERSION = YES;
				CLANG_WARN_NON_LITERAL_NULL_CONVERSION = YES;
				CLANG_WARN_OBJC_IMPLICIT_RETAIN_SELF = YES;
				CLANG_WARN_OBJC_LITERAL_CONVERSION = YES;
				CLANG_WARN_OBJC_ROOT_CLASS = YES_ERROR;
				CLANG_WARN_QUOTED_INCLUDE_IN_FRAMEWORK_HEADER = YES;
				CLANG_WARN_RANGE_LOOP_ANALYSIS = YES;
				CLANG_WARN_STRICT_PROTOTYPES = YES;
				CLANG_WARN_SUSPICIOUS_MOVE = YES;
				CLANG_WARN_UNGUARDED_AVAILABILITY = YES_AGGRESSIVE;
				CLANG_WARN_UNREACHABLE_CODE = YES;
				CLANG_WARN__DUPLICATE_METHOD_MATCH = YES;
				COPY_PHASE_STRIP = NO;
				DEBUG_INFORMATION_FORMAT = "dwarf-with-dsym";
				ENABLE_NS_ASSERTIONS = NO;
				ENABLE_STRICT_OBJC_MSGSEND = YES;
				GCC_C_LANGUAGE_STANDARD = gnu11;
				GCC_NO_COMMON_BLOCKS = YES;
				GCC_WARN_64_TO_32_BIT_CONVERSION = YES;
				GCC_WARN_ABOUT_RETURN_TYPE = YES_ERROR;
				GCC_WARN_UNDECLARED_SELECTOR = YES;
				GCC_WARN_UNINITIALIZED_AUTOS = YES_AGGRESSIVE;
				GCC_WARN_UNUSED_FUNCTION = YES;
				GCC_WARN_UNUSED_VARIABLE = YES;
				IPHONEOS_DEPLOYMENT_TARGET = 16.4;
				MTL_ENABLE_DEBUG_INFO = NO;
				MTL_FAST_MATH = YES;
				SDKROOT = iphoneos;
				SWIFT_COMPILATION_MODE = wholemodule;
				SWIFT_OPTIMIZATION_LEVEL = "-O";
				VALIDATE_PRODUCT = YES;
			};
			name = Release;
		};
		84A2FA952AD784090087DAAC /* Debug */ = {
			isa = XCBuildConfiguration;
			buildSettings = {
				ASSETCATALOG_COMPILER_APPICON_NAME = AppIcon;
				ASSETCATALOG_COMPILER_GLOBAL_ACCENT_COLOR_NAME = AccentColor;
				ASSETCATALOG_COMPILER_INCLUDE_ALL_APPICON_ASSETS = NO;
				ASSETCATALOG_COMPILER_LAUNCHIMAGE_NAME = LaunchImage;
				CODE_SIGN_STYLE = Automatic;
				CURRENT_PROJECT_VERSION = 1;
				DEVELOPMENT_TEAM = ZW38933V5C;
				GENERATE_INFOPLIST_FILE = YES;
				INFOPLIST_FILE = DouYuZhiBo/Info.plist;
				INFOPLIST_KEY_UIApplicationSupportsIndirectInputEvents = YES;
				INFOPLIST_KEY_UIMainStoryboardFile = Main;
				INFOPLIST_KEY_UIStatusBarStyle = "";
				INFOPLIST_KEY_UISupportedInterfaceOrientations = UIInterfaceOrientationPortrait;
				IPHONEOS_DEPLOYMENT_TARGET = 13.0;
				LD_RUNPATH_SEARCH_PATHS = (
					"$(inherited)",
					"@executable_path/Frameworks",
				);
				MARKETING_VERSION = 1.0;
				PRODUCT_BUNDLE_IDENTIFIER = com.ubssdic.gtry;
				PRODUCT_NAME = "$(TARGET_NAME)";
				SWIFT_EMIT_LOC_STRINGS = YES;
				SWIFT_VERSION = 5.0;
				TARGETED_DEVICE_FAMILY = "1,2";
			};
			name = Debug;
		};
		84A2FA962AD784090087DAAC /* Release */ = {
			isa = XCBuildConfiguration;
			buildSettings = {
				ASSETCATALOG_COMPILER_APPICON_NAME = AppIcon;
				ASSETCATALOG_COMPILER_GLOBAL_ACCENT_COLOR_NAME = AccentColor;
				ASSETCATALOG_COMPILER_INCLUDE_ALL_APPICON_ASSETS = NO;
				ASSETCATALOG_COMPILER_LAUNCHIMAGE_NAME = LaunchImage;
				CODE_SIGN_STYLE = Automatic;
				CURRENT_PROJECT_VERSION = 1;
				DEVELOPMENT_TEAM = ZW38933V5C;
				GENERATE_INFOPLIST_FILE = YES;
				INFOPLIST_FILE = DouYuZhiBo/Info.plist;
				INFOPLIST_KEY_UIApplicationSupportsIndirectInputEvents = YES;
				INFOPLIST_KEY_UIMainStoryboardFile = Main;
				INFOPLIST_KEY_UIStatusBarStyle = "";
				INFOPLIST_KEY_UISupportedInterfaceOrientations = UIInterfaceOrientationPortrait;
				IPHONEOS_DEPLOYMENT_TARGET = 13.0;
				LD_RUNPATH_SEARCH_PATHS = (
					"$(inherited)",
					"@executable_path/Frameworks",
				);
				MARKETING_VERSION = 1.0;
				PRODUCT_BUNDLE_IDENTIFIER = com.ubssdic.gtry;
				PRODUCT_NAME = "$(TARGET_NAME)";
				SWIFT_EMIT_LOC_STRINGS = YES;
				SWIFT_VERSION = 5.0;
				TARGETED_DEVICE_FAMILY = "1,2";
			};
			name = Release;
		};
/* End XCBuildConfiguration section */

/* Begin XCConfigurationList section */
		84A2FA7B2AD784080087DAAC /* Build configuration list for PBXProject "DouYuZhiBo" */ = {
			isa = XCConfigurationList;
			buildConfigurations = (
				84A2FA922AD784090087DAAC /* Debug */,
				84A2FA932AD784090087DAAC /* Release */,
			);
			defaultConfigurationIsVisible = 0;
			defaultConfigurationName = Release;
		};
		84A2FA942AD784090087DAAC /* Build configuration list for PBXNativeTarget "DouYuZhiBo" */ = {
			isa = XCConfigurationList;
			buildConfigurations = (
				84A2FA952AD784090087DAAC /* Debug */,
				84A2FA962AD784090087DAAC /* Release */,
			);
			defaultConfigurationIsVisible = 0;
			defaultConfigurationName = Release;
		};
/* End XCConfigurationList section */
	};
	rootObject = 84A2FA782AD784080087DAAC /* Project object */;
}
